
Microsoft Visual Studio Solution File, Format Version 12.00
# Visual Studio 15
VisualStudioVersion = 15.0.27130.2036
MinimumVisualStudioVersion = 10.0.40219.1
Project("{FAE04EC0-301F-11D3-BF4B-00C04F79EFBC}") = "EnviosService", "EnviosService\EnviosService.csproj", "{08566E05-2CC5-46F4-9CE7-F3D27D26047A}"
EndProject
Global
	GlobalSection(SolutionConfigurationPlatforms) = preSolution
		Debug|Any CPU = Debug|Any CPU
		Release|Any CPU = Release|Any CPU
	EndGlobalSection
	GlobalSection(ProjectConfigurationPlatforms) = postSolution
		{08566E05-2CC5-46F4-9CE7-F3D27D26047A}.Debug|Any CPU.ActiveCfg = Debug|Any CPU
		{08566E05-2CC5-46F4-9CE7-F3D27D26047A}.Debug|Any CPU.Build.0 = Debug|Any CPU
		{08566E05-2CC5-46F4-9CE7-F3D27D26047A}.Release|Any CPU.ActiveCfg = Release|Any CPU
		{08566E05-2CC5-46F4-9CE7-F3D27D26047A}.Release|Any CPU.Build.0 = Release|Any CPU
	EndGlobalSection
	GlobalSection(SolutionProperties) = preSolution
		HideSolutionNode = FALSE
	EndGlobalSection
	GlobalSection(ExtensibilityGlobals) = postSolution
		SolutionGuid = {2BC2078E-3DA7-4C42-8E89-687781153DB8}
	EndGlobalSection
EndGlobal
